
Microsoft Visual Studio Solution File, Format Version 12.00
# Visual Studio Version 16
VisualStudioVersion = 16.0.29613.14
MinimumVisualStudioVersion = 10.0.40219.1
Project("{9A19103F-16F7-4668-BE54-9A1E7A4F7556}") = "AzureApp.Web", "AzureApp.Web.csproj", "{9338FE2B-78D5-4B17-8961-564CA5A28C1D}"
EndProject
Project("{FAE04EC0-301F-11D3-BF4B-00C04F79EFBC}") = "AzureApp.Entities", "..\AzureApp.Entities\AzureApp.Entities.csproj", "{DA0B86EB-3848-4E6C-88A0-E22FCC93EAE1}"
EndProject
Project("{FAE04EC0-301F-11D3-BF4B-00C04F79EFBC}") = "AzureApp.Entities.Tests", "AzureApp.Entities.Tests\AzureApp.Entities.Tests.csproj", "{2A9C8EA2-923D-4822-85C6-4BC142607216}"
EndProject
Project("{FAE04EC0-301F-11D3-BF4B-00C04F79EFBC}") = "AzureApp.Data", "..\AzureApp.Data\AzureApp.Data.csproj", "{BBF66AA3-1736-45CE-87C1-A4AA18FD66AA}"
EndProject
Project("{FAE04EC0-301F-11D3-BF4B-00C04F79EFBC}") = "AzureApp.Data.Tests", "AzureApp.Data.Tests\AzureApp.Data.Tests.csproj", "{6C3D8DF4-109C-43D5-A0D0-BFA82BD3C101}"
EndProject
Project("{FAE04EC0-301F-11D3-BF4B-00C04F79EFBC}") = "AzureApp.Common", "..\AzureApp.Common\AzureApp.Common.csproj", "{38FBA75B-5CF8-4E4D-95F0-5DA80AC23CC9}"
EndProject
Project("{FAE04EC0-301F-11D3-BF4B-00C04F79EFBC}") = "AzureApp.Common.Tests", "AzureApp.Common.Tests\AzureApp.Common.Tests.csproj", "{5605D031-4AEB-4082-BA60-C311F647314C}"
EndProject
Project("{FAE04EC0-301F-11D3-BF4B-00C04F79EFBC}") = "AzureApp.App", "..\AzureApp.App\AzureApp.App.csproj", "{D25ADC03-877D-4E48-A88E-237753D061EA}"
EndProject
Global
	GlobalSection(SolutionConfigurationPlatforms) = preSolution
		Debug|Any CPU = Debug|Any CPU
		Release|Any CPU = Release|Any CPU
	EndGlobalSection
	GlobalSection(ProjectConfigurationPlatforms) = postSolution
		{9338FE2B-78D5-4B17-8961-564CA5A28C1D}.Debug|Any CPU.ActiveCfg = Debug|Any CPU
		{9338FE2B-78D5-4B17-8961-564CA5A28C1D}.Debug|Any CPU.Build.0 = Debug|Any CPU
		{9338FE2B-78D5-4B17-8961-564CA5A28C1D}.Release|Any CPU.ActiveCfg = Release|Any CPU
		{9338FE2B-78D5-4B17-8961-564CA5A28C1D}.Release|Any CPU.Build.0 = Release|Any CPU
		{DA0B86EB-3848-4E6C-88A0-E22FCC93EAE1}.Debug|Any CPU.ActiveCfg = Debug|Any CPU
		{DA0B86EB-3848-4E6C-88A0-E22FCC93EAE1}.Debug|Any CPU.Build.0 = Debug|Any CPU
		{DA0B86EB-3848-4E6C-88A0-E22FCC93EAE1}.Release|Any CPU.ActiveCfg = Release|Any CPU
		{DA0B86EB-3848-4E6C-88A0-E22FCC93EAE1}.Release|Any CPU.Build.0 = Release|Any CPU
		{2A9C8EA2-923D-4822-85C6-4BC142607216}.Debug|Any CPU.ActiveCfg = Debug|Any CPU
		{2A9C8EA2-923D-4822-85C6-4BC142607216}.Debug|Any CPU.Build.0 = Debug|Any CPU
		{2A9C8EA2-923D-4822-85C6-4BC142607216}.Release|Any CPU.ActiveCfg = Release|Any CPU
		{2A9C8EA2-923D-4822-85C6-4BC142607216}.Release|Any CPU.Build.0 = Release|Any CPU
		{BBF66AA3-1736-45CE-87C1-A4AA18FD66AA}.Debug|Any CPU.ActiveCfg = Debug|Any CPU
		{BBF66AA3-1736-45CE-87C1-A4AA18FD66AA}.Debug|Any CPU.Build.0 = Debug|Any CPU
		{BBF66AA3-1736-45CE-87C1-A4AA18FD66AA}.Release|Any CPU.ActiveCfg = Release|Any CPU
		{BBF66AA3-1736-45CE-87C1-A4AA18FD66AA}.Release|Any CPU.Build.0 = Release|Any CPU
		{6C3D8DF4-109C-43D5-A0D0-BFA82BD3C101}.Debug|Any CPU.ActiveCfg = Debug|Any CPU
		{6C3D8DF4-109C-43D5-A0D0-BFA82BD3C101}.Debug|Any CPU.Build.0 = Debug|Any CPU
		{6C3D8DF4-109C-43D5-A0D0-BFA82BD3C101}.Release|Any CPU.ActiveCfg = Release|Any CPU
		{6C3D8DF4-109C-43D5-A0D0-BFA82BD3C101}.Release|Any CPU.Build.0 = Release|Any CPU
		{38FBA75B-5CF8-4E4D-95F0-5DA80AC23CC9}.Debug|Any CPU.ActiveCfg = Debug|Any CPU
		{38FBA75B-5CF8-4E4D-95F0-5DA80AC23CC9}.Debug|Any CPU.Build.0 = Debug|Any CPU
		{38FBA75B-5CF8-4E4D-95F0-5DA80AC23CC9}.Release|Any CPU.ActiveCfg = Release|Any CPU
		{38FBA75B-5CF8-4E4D-95F0-5DA80AC23CC9}.Release|Any CPU.Build.0 = Release|Any CPU
		{5605D031-4AEB-4082-BA60-C311F647314C}.Debug|Any CPU.ActiveCfg = Debug|Any CPU
		{5605D031-4AEB-4082-BA60-C311F647314C}.Debug|Any CPU.Build.0 = Debug|Any CPU
		{5605D031-4AEB-4082-BA60-C311F647314C}.Release|Any CPU.ActiveCfg = Release|Any CPU
		{5605D031-4AEB-4082-BA60-C311F647314C}.Release|Any CPU.Build.0 = Release|Any CPU
		{D25ADC03-877D-4E48-A88E-237753D061EA}.Debug|Any CPU.ActiveCfg = Debug|Any CPU
		{D25ADC03-877D-4E48-A88E-237753D061EA}.Debug|Any CPU.Build.0 = Debug|Any CPU
		{D25ADC03-877D-4E48-A88E-237753D061EA}.Release|Any CPU.ActiveCfg = Release|Any CPU
		{D25ADC03-877D-4E48-A88E-237753D061EA}.Release|Any CPU.Build.0 = Release|Any CPU
	EndGlobalSection
	GlobalSection(SolutionProperties) = preSolution
		HideSolutionNode = FALSE
	EndGlobalSection
	GlobalSection(ExtensibilityGlobals) = postSolution
		SolutionGuid = {04162B5F-FFAE-4807-BF2B-8C2D25177E22}
	EndGlobalSection
EndGlobal
